
Microsoft Visual Studio Solution File, Format Version 12.00
# Visual Studio Version 16
VisualStudioVersion = 16.0.29609.76
MinimumVisualStudioVersion = 10.0.40219.1
Project("{FAE04EC0-301F-11D3-BF4B-00C04F79EFBC}") = "Teste Git", "Teste Git\Teste Git.csproj", "{9F95AC4C-5519-4CF3-9205-FDE4A1B3385A}"
EndProject
Global
	GlobalSection(SolutionConfigurationPlatforms) = preSolution
		Debug|Any CPU = Debug|Any CPU
		Release|Any CPU = Release|Any CPU
	EndGlobalSection
	GlobalSection(ProjectConfigurationPlatforms) = postSolution
		{9F95AC4C-5519-4CF3-9205-FDE4A1B3385A}.Debug|Any CPU.ActiveCfg = Debug|Any CPU
		{9F95AC4C-5519-4CF3-9205-FDE4A1B3385A}.Debug|Any CPU.Build.0 = Debug|Any CPU
		{9F95AC4C-5519-4CF3-9205-FDE4A1B3385A}.Release|Any CPU.ActiveCfg = Release|Any CPU
		{9F95AC4C-5519-4CF3-9205-FDE4A1B3385A}.Release|Any CPU.Build.0 = Release|Any CPU
	EndGlobalSection
	GlobalSection(SolutionProperties) = preSolution
		HideSolutionNode = FALSE
	EndGlobalSection
	GlobalSection(ExtensibilityGlobals) = postSolution
		SolutionGuid = {E5F79AAC-FF70-40AB-A273-45AE104E0AA8}
	EndGlobalSection
EndGlobal
